<?xml version="1.0" encoding="utf-8"?>
<Project ToolsVersion="4.0" xmlns="http://schemas.microsoft.com/developer/msbuild/2003">
  <ItemGroup>
    <Filter Include="Source Files">
      <UniqueIdentifier>{4FC737F1-C7A5-4376-A066-2A32D752A2FF}</UniqueIdentifier>
      <Extensions>cpp;c;cc;cxx;def;odl;idl;hpj;bat;asm;asmx</Extensions>
    </Filter>
    <Filter Include="Header Files">
      <UniqueIdentifier>{93995380-89BD-4b04-88EB-625FBE52EBFB}</UniqueIdentifier>
      <Extensions>h;hh;hpp;hxx;hm;inl;inc;xsd</Extensions>
    </Filter>
    <Filter Include="Resource Files">
      <UniqueIdentifier>{67DA6AB6-F800-4c08-8B7A-83BB121AAD01}</UniqueIdentifier>
      <Extensions>rc;ico;cur;bmp;dlg;rc2;rct;bin;rgs;gif;jpg;jpeg;jpe;resx;tiff;tif;png;wav;mfcribbon-ms</Extensions>
    </Filter>
    <Filter Include="Source Files\sys">
      <UniqueIdentifier>{5076dea2-e187-4caa-9b3f-1a503f3d4867}</UniqueIdentifier>
    </Filter>
    <Filter Include="Source Files\out">
      <UniqueIdentifier>{5228c815-74ba-4589-8438-2d1690f4d490}</UniqueIdentifier>
    </Filter>
    <Filter Include="Source Files\extern">
      <UniqueIdentifier>{48e15436-a04e-45c2-ace7-608bd4adfbd9}</UniqueIdentifier>
    </Filter>
    <Filter Include="Source Files\sch">
      <UniqueIdentifier>{7da96fd4-4481-429d-9abe-fef6457e3c3f}</UniqueIdentifier>
    </Filter>
  </ItemGroup>
  <ItemGroup>
    <ClInclude Include="..\..\src\randomkit.h">
      <Filter>Header Files</Filter>
    </ClInclude>
    <ClInclude Include="..\..\src\sddekit.h">
      <Filter>Header Files</Filter>
    </ClInclude>
    <ClInclude Include="..\..\src\sddekit.hpp">
      <Filter>Header Files</Filter>
    </ClInclude>
  </ItemGroup>
  <ItemGroup>
    <ClCompile Include="..\..\src\randomkit.c">
      <Filter>Source Files\extern</Filter>
    </ClCompile>
    <ClCompile Include="..\..\src\out_cb.c">
      <Filter>Source Files\out</Filter>
    </ClCompile>
    <ClCompile Include="..\..\src\out_file.c">
      <Filter>Source Files\out</Filter>
    </ClCompile>
    <ClCompile Include="..\..\src\out_mem.c">
      <Filter>Source Files\out</Filter>
    </ClCompile>
    <ClCompile Include="..\..\src\out_sfilt.c">
      <Filter>Source Files\out</Filter>
    </ClCompile>
    <ClCompile Include="..\..\src\out_tavg.c">
      <Filter>Source Files\out</Filter>
    </ClCompile>
    <ClCompile Include="..\..\src\out_tee.c">
      <Filter>Source Files\out</Filter>
    </ClCompile>
    <ClCompile Include="..\..\src\out_until.c">
      <Filter>Source Files\out</Filter>
    </ClCompile>
    <ClCompile Include="..\..\src\sys_cb.c">
      <Filter>Source Files\sys</Filter>
    </ClCompile>
    <ClCompile Include="..\..\src\sys_exc.c">
      <Filter>Source Files\sys</Filter>
    </ClCompile>
    <ClCompile Include="..\..\src\sys_net.c">
      <Filter>Source Files\sys</Filter>
    </ClCompile>
    <ClCompile Include="..\..\src\sys_regmap.c">
      <Filter>Source Files\sys</Filter>
    </ClCompile>
    <ClCompile Include="..\..\src\sys_wc.c">
      <Filter>Source Files\sys</Filter>
    </ClCompile>
    <ClCompile Include="..\..\src\sch_cb.c">
      <Filter>Source Files\sch</Filter>
    </ClCompile>
    <ClCompile Include="..\..\src\sd_scheme.c">
      <Filter>Source Files\sch</Filter>
    </ClCompile>
    <ClCompile Include="..\..\src\conn.c">
      <Filter>Source Files</Filter>
    </ClCompile>
    <ClCompile Include="..\..\src\sd_err.c">
      <Filter>Source Files</Filter>
    </ClCompile>
    <ClCompile Include="..\..\src\sd_hist.c">
      <Filter>Source Files</Filter>
    </ClCompile>
    <ClCompile Include="..\..\src\sd_log.c">
      <Filter>Source Files</Filter>
    </ClCompile>
    <ClCompile Include="..\..\src\sd_malloc.c">
      <Filter>Source Files</Filter>
    </ClCompile>
    <ClCompile Include="..\..\src\sd_rng.c">
      <Filter>Source Files</Filter>
    </ClCompile>
    <ClCompile Include="..\..\src\sd_solv.c">
      <Filter>Source Files</Filter>
    </ClCompile>
    <ClCompile Include="..\..\src\sd_sparse.c">
      <Filter>Source Files</Filter>
    </ClCompile>
    <ClCompile Include="..\..\src\sd_test.c">
      <Filter>Source Files</Filter>
    </ClCompile>
    <ClCompile Include="..\..\src\sd_util.c">
      <Filter>Source Files</Filter>
    </ClCompile>
    <ClCompile Include="..\..\src\ver.c">
      <Filter>Source Files</Filter>
    </ClCompile>
  </ItemGroup>
</Project>